
Microsoft Visual Studio Solution File, Format Version 12.00
# Visual Studio 15
VisualStudioVersion = 15.0.27703.2035
MinimumVisualStudioVersion = 10.0.40219.1
Project("{FAE04EC0-301F-11D3-BF4B-00C04F79EFBC}") = "peoplePicture", "peoplePicture\peoplePicture.csproj", "{D2C4863D-6B5E-4A7B-BF2F-2551A4F3D9DE}"
EndProject
Global
	GlobalSection(SolutionConfigurationPlatforms) = preSolution
		Debug|Any CPU = Debug|Any CPU
		Release|Any CPU = Release|Any CPU
	EndGlobalSection
	GlobalSection(ProjectConfigurationPlatforms) = postSolution
		{D2C4863D-6B5E-4A7B-BF2F-2551A4F3D9DE}.Debug|Any CPU.ActiveCfg = Debug|Any CPU
		{D2C4863D-6B5E-4A7B-BF2F-2551A4F3D9DE}.Debug|Any CPU.Build.0 = Debug|Any CPU
		{D2C4863D-6B5E-4A7B-BF2F-2551A4F3D9DE}.Release|Any CPU.ActiveCfg = Release|Any CPU
		{D2C4863D-6B5E-4A7B-BF2F-2551A4F3D9DE}.Release|Any CPU.Build.0 = Release|Any CPU
	EndGlobalSection
	GlobalSection(SolutionProperties) = preSolution
		HideSolutionNode = FALSE
	EndGlobalSection
	GlobalSection(ExtensibilityGlobals) = postSolution
		SolutionGuid = {2B2A3B08-8928-437C-B47B-09C354335F88}
	EndGlobalSection
EndGlobal
